github.com/apache/thrift v0.13.0/go.mod h1:cp2SuWMxlEZw2r+iP2GNCdIi4C1qmUzdZFSVb+bacwQ=
github.com/kinone/sakura v0.1.11 h1:CPd88g4202fdseIEc34AMueySXjkEU3ND54UZAlOoR8=
github.com/kinone/sakura v0.1.11/go.mod h1:sPfoBEYL4/UMccJGXQGU+v7PPujnK1kl3v3S79KE60c=
gopkg.in/check.v1 v0.0.0-20161208181325-20d25e280405/go.mod h1:Co6ibVJAznAaIkqp8huTwlJQCZ016jof/cbN4VW5Yz0=
gopkg.in/yaml.v2 v2.2.7 h1:VUgggvou5XRW9mHwD/yXxIYSMtY0zoKQf/v226p2nyo=
gopkg.in/yaml.v2 v2.2.7/go.mod h1:hI93XBmqTisBFMUTm0b8Fm+jr3Dg1NNxqwp+5A1VGuI=
